
Microsoft Visual Studio Solution File, Format Version 12.00
# Visual Studio Version 16
VisualStudioVersion = 16.0.31205.134
MinimumVisualStudioVersion = 10.0.40219.1
Project("{FAE04EC0-301F-11D3-BF4B-00C04F79EFBC}") = "Litools", "Litools\Litools.csproj", "{CFD25B15-DD4F-4FB9-9783-C67FFBEFC7C5}"
EndProject
Global
	GlobalSection(SolutionConfigurationPlatforms) = preSolution
		Debug|Any CPU = Debug|Any CPU
		Release|Any CPU = Release|Any CPU
	EndGlobalSection
	GlobalSection(ProjectConfigurationPlatforms) = postSolution
		{CFD25B15-DD4F-4FB9-9783-C67FFBEFC7C5}.Debug|Any CPU.ActiveCfg = Debug|Any CPU
		{CFD25B15-DD4F-4FB9-9783-C67FFBEFC7C5}.Debug|Any CPU.Build.0 = Debug|Any CPU
		{CFD25B15-DD4F-4FB9-9783-C67FFBEFC7C5}.Release|Any CPU.ActiveCfg = Release|Any CPU
		{CFD25B15-DD4F-4FB9-9783-C67FFBEFC7C5}.Release|Any CPU.Build.0 = Release|Any CPU
	EndGlobalSection
	GlobalSection(SolutionProperties) = preSolution
		HideSolutionNode = FALSE
	EndGlobalSection
	GlobalSection(ExtensibilityGlobals) = postSolution
		SolutionGuid = {3B03E24B-F84E-4BEB-AAE4-FC1C9E131D3F}
	EndGlobalSection
EndGlobal
